<?xml version="1.0" encoding="utf-8"?>
<Project ToolsVersion="4.0" xmlns="http://schemas.microsoft.com/developer/msbuild/2003">
  <ItemGroup>
    <ClCompile Include="..\..\src\camera.cpp" />
    <ClCompile Include="..\..\src\extra\textparser.cpp" />
    <ClCompile Include="..\..\src\framework.cpp" />
    <ClCompile Include="..\..\src\game.cpp" />
    <ClCompile Include="..\..\src\main.cpp" />
    <ClCompile Include="..\..\src\mesh.cpp" />
    <ClCompile Include="..\..\src\rendertotexture.cpp" />
    <ClCompile Include="..\..\src\shader.cpp" />
    <ClCompile Include="..\..\src\texture.cpp" />
    <ClCompile Include="..\..\src\utils.cpp" />
    <ClCompile Include="..\..\src\entity\entity.cpp">
      <Filter>Entity</Filter>
    </ClCompile>
    <ClCompile Include="..\..\src\entity\entityMesh.cpp">
      <Filter>Entity</Filter>
    </ClCompile>
    <ClCompile Include="..\..\src\world\world.cpp">
      <Filter>World</Filter>
    </ClCompile>
    <ClCompile Include="..\..\src\entity\entityFactory.cpp">
      <Filter>Entity</Filter>
    </ClCompile>
    <ClCompile Include="..\..\src\world\controller.cpp">
      <Filter>World</Filter>
    </ClCompile>
    <ClCompile Include="..\..\src\clipper.cpp" />
    <ClCompile Include="..\..\src\entity\entitySky.cpp">
      <Filter>Entity</Filter>
    </ClCompile>
    <ClCompile Include="..\..\src\coldet\box.cpp">
      <Filter>Coldet</Filter>
    </ClCompile>
    <ClCompile Include="..\..\src\coldet\box_bld.cpp">
      <Filter>Coldet</Filter>
    </ClCompile>
    <ClCompile Include="..\..\src\coldet\coldet.cpp">
      <Filter>Coldet</Filter>
    </ClCompile>
    <ClCompile Include="..\..\src\coldet\coldet_bld.cpp">
      <Filter>Coldet</Filter>
    </ClCompile>
    <ClCompile Include="..\..\src\coldet\math3d.cpp">
      <Filter>Coldet</Filter>
    </ClCompile>
    <ClCompile Include="..\..\src\coldet\mytritri.cpp">
      <Filter>Coldet</Filter>
    </ClCompile>
    <ClCompile Include="..\..\src\coldet\sysdep.cpp">
      <Filter>Coldet</Filter>
    </ClCompile>
    <ClCompile Include="..\..\src\coldet\tritri.c">
      <Filter>Coldet</Filter>
    </ClCompile>
    <ClCompile Include="..\..\src\entity\bullet.cpp">
      <Filter>Entity</Filter>
    </ClCompile>
    <ClCompile Include="..\..\src\entity\bulletFactory.cpp">
      <Filter>Entity</Filter>
    </ClCompile>
  </ItemGroup>
  <ItemGroup>
    <ClInclude Include="..\..\src\camera.h" />
    <ClInclude Include="..\..\src\extra\textparser.h" />
    <ClInclude Include="..\..\src\framework.h" />
    <ClInclude Include="..\..\src\game.h" />
    <ClInclude Include="..\..\src\includes.h" />
    <ClInclude Include="..\..\src\mesh.h" />
    <ClInclude Include="..\..\src\rendertotexture.h" />
    <ClInclude Include="..\..\src\shader.h" />
    <ClInclude Include="..\..\src\texture.h" />
    <ClInclude Include="..\..\src\utils.h" />
    <ClInclude Include="..\..\src\entity\entityMesh.h">
      <Filter>Entity</Filter>
    </ClInclude>
    <ClInclude Include="..\..\src\entity\entity.h">
      <Filter>Entity</Filter>
    </ClInclude>
    <ClInclude Include="..\..\src\world\world.h">
      <Filter>World</Filter>
    </ClInclude>
    <ClInclude Include="..\..\src\entity\entityFactory.h">
      <Filter>Entity</Filter>
    </ClInclude>
    <ClInclude Include="..\..\src\world\controller.h">
      <Filter>World</Filter>
    </ClInclude>
    <ClInclude Include="..\..\src\clipper.h" />
    <ClInclude Include="..\..\src\entity\entitySky.h">
      <Filter>Entity</Filter>
    </ClInclude>
    <ClInclude Include="..\..\src\coldet\box.h">
      <Filter>Coldet</Filter>
    </ClInclude>
    <ClInclude Include="..\..\src\coldet\coldet.h">
      <Filter>Coldet</Filter>
    </ClInclude>
    <ClInclude Include="..\..\src\coldet\coldetimpl.h">
      <Filter>Coldet</Filter>
    </ClInclude>
    <ClInclude Include="..\..\src\coldet\math3d.h">
      <Filter>Coldet</Filter>
    </ClInclude>
    <ClInclude Include="..\..\src\coldet\mytritri.h">
      <Filter>Coldet</Filter>
    </ClInclude>
    <ClInclude Include="..\..\src\coldet\sysdep.h">
      <Filter>Coldet</Filter>
    </ClInclude>
    <ClInclude Include="..\..\src\entity\bullet.h">
      <Filter>Entity</Filter>
    </ClInclude>
    <ClInclude Include="..\..\src\entity\bulletFactory.h">
      <Filter>Entity</Filter>
    </ClInclude>
  </ItemGroup>
  <ItemGroup>
    <Filter Include="Entity">
      <UniqueIdentifier>{af321603-6fe7-42ab-88b0-09ed83968c49}</UniqueIdentifier>
    </Filter>
    <Filter Include="World">
      <UniqueIdentifier>{fe3b055f-752f-42d1-8248-409cb3113e49}</UniqueIdentifier>
    </Filter>
    <Filter Include="Coldet">
      <UniqueIdentifier>{d14d9518-3950-4556-813e-e152b41b6f89}</UniqueIdentifier>
    </Filter>
  </ItemGroup>
</Project>